{
  "name": "BPI",
  "lockfileVersion": 2,
  "requires": true,
  "packages": {
    "": {
      "dependencies": {
        "@vant/weapp": "^1.10.18",
        "moment": "^2.29.4"
      }
    },
    "node_modules/@vant/weapp": {
      "version": "1.10.18",
      "resolved": "https://registry.npmjs.org/@vant/weapp/-/weapp-1.10.18.tgz",
      "integrity": "sha512-BEmBGVKTBfP7Re41k27Tm6lKjdWmEN0APxLWMeiYtXn7koVxrzSAdwZgZguUD7vm1lMsMhAgAIq0IMoMm/ubkQ=="
    },
    "node_modules/moment": {
      "version": "2.29.4",
      "resolved": "https://registry.npmjs.org/moment/-/moment-2.29.4.tgz",
      "integrity": "sha512-5LC9SOxjSc2HF6vO2CyuTDNivEdoz2IvyJJGj6X8DJ0eFyfszE0QiEd+iXmBvUP3WHxSjFH/vIsA0EN00cgr8w==",
      "engines": {
        "node": "*"
      }
    }
  },
  "dependencies": {
    "@vant/weapp": {
      "version": "1.10.18",
      "resolved": "https://registry.npmjs.org/@vant/weapp/-/weapp-1.10.18.tgz",
      "integrity": "sha512-BEmBGVKTBfP7Re41k27Tm6lKjdWmEN0APxLWMeiYtXn7koVxrzSAdwZgZguUD7vm1lMsMhAgAIq0IMoMm/ubkQ=="
    },
    "moment": {
      "version": "2.29.4",
      "resolved": "https://registry.npmjs.org/moment/-/moment-2.29.4.tgz",
      "integrity": "sha512-5LC9SOxjSc2HF6vO2CyuTDNivEdoz2IvyJJGj6X8DJ0eFyfszE0QiEd+iXmBvUP3WHxSjFH/vIsA0EN00cgr8w=="
    }
  }
}
